// !$*UTF8*$!
{
	archiveVersion = 1;
	classes = {
	};
	objectVersion = 55;
	objects = {

/* Begin PBXBuildFile section */
		965040E2276AA39B00A657DA /* LandmarksApp.swift in Sources */ = {isa = PBXBuildFile; fileRef = 965040E1276AA39B00A657DA /* LandmarksApp.swift */; };
		965040E4276AA39B00A657DA /* ContentView.swift in Sources */ = {isa = PBXBuildFile; fileRef = 965040E3276AA39B00A657DA /* ContentView.swift */; };
		965040E6276AA39C00A657DA /* Assets.xcassets in Resources */ = {isa = PBXBuildFile; fileRef = 965040E5276AA39C00A657DA /* Assets.xcassets */; };
		965040E9276AA39C00A657DA /* Preview Assets.xcassets in Resources */ = {isa = PBXBuildFile; fileRef = 965040E8276AA39C00A657DA /* Preview Assets.xcassets */; };
		965040F3276AA39C00A657DA /* LandmarksTests.swift in Sources */ = {isa = PBXBuildFile; fileRef = 965040F2276AA39C00A657DA /* LandmarksTests.swift */; };
		965040FD276AA39C00A657DA /* LandmarksUITests.swift in Sources */ = {isa = PBXBuildFile; fileRef = 965040FC276AA39C00A657DA /* LandmarksUITests.swift */; };
		965040FF276AA39C00A657DA /* LandmarksUITestsLaunchTests.swift in Sources */ = {isa = PBXBuildFile; fileRef = 965040FE276AA39C00A657DA /* LandmarksUITestsLaunchTests.swift */; };
		965FD1962864920900F38CFF /* CircleImage.swift in Sources */ = {isa = PBXBuildFile; fileRef = 965FD1952864920900F38CFF /* CircleImage.swift */; };
		965FD1982864936A00F38CFF /* MapView.swift in Sources */ = {isa = PBXBuildFile; fileRef = 965FD1972864936A00F38CFF /* MapView.swift */; };
		965FD19A28649F4F00F38CFF /* landmarkData.json in Resources */ = {isa = PBXBuildFile; fileRef = 965FD19928649F4F00F38CFF /* landmarkData.json */; };
		965FD19D28649F9E00F38CFF /* Landmark.swift in Sources */ = {isa = PBXBuildFile; fileRef = 965FD19C28649F9E00F38CFF /* Landmark.swift */; };
		965FD19F2864A9ED00F38CFF /* ModelData.swift in Sources */ = {isa = PBXBuildFile; fileRef = 965FD19E2864A9ED00F38CFF /* ModelData.swift */; };
		965FD1A42864AD5F00F38CFF /* LandmarkRow.swift in Sources */ = {isa = PBXBuildFile; fileRef = 965FD1A32864AD5F00F38CFF /* LandmarkRow.swift */; };
		965FD1A62864B27200F38CFF /* LandmarkList.swift in Sources */ = {isa = PBXBuildFile; fileRef = 965FD1A52864B27200F38CFF /* LandmarkList.swift */; };
		965FD1A82864B4CA00F38CFF /* LandmarkDetail.swift in Sources */ = {isa = PBXBuildFile; fileRef = 965FD1A72864B4CA00F38CFF /* LandmarkDetail.swift */; };
		965FD1AA2864E45100F38CFF /* FavoriteButton.swift in Sources */ = {isa = PBXBuildFile; fileRef = 965FD1A92864E45100F38CFF /* FavoriteButton.swift */; };
		965FD1AE2864E85600F38CFF /* HexagonParameters.swift in Sources */ = {isa = PBXBuildFile; fileRef = 965FD1AD2864E85600F38CFF /* HexagonParameters.swift */; };
		965FD1B02864E93B00F38CFF /* BadgeBackground.swift in Sources */ = {isa = PBXBuildFile; fileRef = 965FD1AF2864E93B00F38CFF /* BadgeBackground.swift */; };
		965FD1B22864EC6000F38CFF /* BadgeSymbol.swift in Sources */ = {isa = PBXBuildFile; fileRef = 965FD1B12864EC6000F38CFF /* BadgeSymbol.swift */; };
		965FD1B42864ED7E00F38CFF /* RotatedBadgeSymbol.swift in Sources */ = {isa = PBXBuildFile; fileRef = 965FD1B32864ED7E00F38CFF /* RotatedBadgeSymbol.swift */; };
		965FD1B62864EDBB00F38CFF /* Badge.swift in Sources */ = {isa = PBXBuildFile; fileRef = 965FD1B52864EDBB00F38CFF /* Badge.swift */; };
		965FD1B92864F14600F38CFF /* hikeData.json in Resources */ = {isa = PBXBuildFile; fileRef = 965FD1B82864F14600F38CFF /* hikeData.json */; };
		965FD1BB2864F17200F38CFF /* Hike.swift in Sources */ = {isa = PBXBuildFile; fileRef = 965FD1BA2864F17200F38CFF /* Hike.swift */; };
		965FD1C12864F37100F38CFF /* GraphCapsule.swift in Sources */ = {isa = PBXBuildFile; fileRef = 965FD1BD2864F37100F38CFF /* GraphCapsule.swift */; };
		965FD1C22864F37100F38CFF /* HikeGraph.swift in Sources */ = {isa = PBXBuildFile; fileRef = 965FD1BE2864F37100F38CFF /* HikeGraph.swift */; };
		965FD1C32864F37100F38CFF /* HikeDetail.swift in Sources */ = {isa = PBXBuildFile; fileRef = 965FD1BF2864F37100F38CFF /* HikeDetail.swift */; };
		965FD1C42864F37100F38CFF /* HikeView.swift in Sources */ = {isa = PBXBuildFile; fileRef = 965FD1C02864F37100F38CFF /* HikeView.swift */; };
		965FD1C72864FCB200F38CFF /* CategoryHome.swift in Sources */ = {isa = PBXBuildFile; fileRef = 965FD1C62864FCB200F38CFF /* CategoryHome.swift */; };
		965FD1C92864FF1000F38CFF /* CategoryRow.swift in Sources */ = {isa = PBXBuildFile; fileRef = 965FD1C82864FF1000F38CFF /* CategoryRow.swift */; };
		965FD1CB2865100000F38CFF /* CategoryItem.swift in Sources */ = {isa = PBXBuildFile; fileRef = 965FD1CA2865100000F38CFF /* CategoryItem.swift */; };
		965FD1CD2865D99300F38CFF /* Profile.swift in Sources */ = {isa = PBXBuildFile; fileRef = 965FD1CC2865D99300F38CFF /* Profile.swift */; };
		965FD1D02865DB3800F38CFF /* ProfileHost.swift in Sources */ = {isa = PBXBuildFile; fileRef = 965FD1CF2865DB3800F38CFF /* ProfileHost.swift */; };
		965FD1D22865DBED00F38CFF /* ProfileSummary.swift in Sources */ = {isa = PBXBuildFile; fileRef = 965FD1D12865DBED00F38CFF /* ProfileSummary.swift */; };
		965FD1D42865DD8F00F38CFF /* HikeBadge.swift in Sources */ = {isa = PBXBuildFile; fileRef = 965FD1D32865DD8F00F38CFF /* HikeBadge.swift */; };
		965FD1D62865E1C500F38CFF /* ProfileEditor.swift in Sources */ = {isa = PBXBuildFile; fileRef = 965FD1D52865E1C500F38CFF /* ProfileEditor.swift */; };
/* End PBXBuildFile section */

/* Begin PBXContainerItemProxy section */
		965040EF276AA39C00A657DA /* PBXContainerItemProxy */ = {
			isa = PBXContainerItemProxy;
			containerPortal = 965040D6276AA39B00A657DA /* Project object */;
			proxyType = 1;
			remoteGlobalIDString = 965040DD276AA39B00A657DA;
			remoteInfo = Landmarks;
		};
		965040F9276AA39C00A657DA /* PBXContainerItemProxy */ = {
			isa = PBXContainerItemProxy;
			containerPortal = 965040D6276AA39B00A657DA /* Project object */;
			proxyType = 1;
			remoteGlobalIDString = 965040DD276AA39B00A657DA;
			remoteInfo = Landmarks;
		};
/* End PBXContainerItemProxy section */

/* Begin PBXFileReference section */
		965040DE276AA39B00A657DA /* Landmarks.app */ = {isa = PBXFileReference; explicitFileType = wrapper.application; includeInIndex = 0; path = Landmarks.app; sourceTree = BUILT_PRODUCTS_DIR; };
		965040E1276AA39B00A657DA /* LandmarksApp.swift */ = {isa = PBXFileReference; lastKnownFileType = sourcecode.swift; path = LandmarksApp.swift; sourceTree = "<group>"; };
		965040E3276AA39B00A657DA /* ContentView.swift */ = {isa = PBXFileReference; lastKnownFileType = sourcecode.swift; path = ContentView.swift; sourceTree = "<group>"; };
		965040E5276AA39C00A657DA /* Assets.xcassets */ = {isa = PBXFileReference; lastKnownFileType = folder.assetcatalog; path = Assets.xcassets; sourceTree = "<group>"; };
		965040E8276AA39C00A657DA /* Preview Assets.xcassets */ = {isa = PBXFileReference; lastKnownFileType = folder.assetcatalog; path = "Preview Assets.xcassets"; sourceTree = "<group>"; };
		965040EE276AA39C00A657DA /* LandmarksTests.xctest */ = {isa = PBXFileReference; explicitFileType = wrapper.cfbundle; includeInIndex = 0; path = LandmarksTests.xctest; sourceTree = BUILT_PRODUCTS_DIR; };
		965040F2276AA39C00A657DA /* LandmarksTests.swift */ = {isa = PBXFileReference; lastKnownFileType = sourcecode.swift; path = LandmarksTests.swift; sourceTree = "<group>"; };
		965040F8276AA39C00A657DA /* LandmarksUITests.xctest */ = {isa = PBXFileReference; explicitFileType = wrapper.cfbundle; includeInIndex = 0; path = LandmarksUITests.xctest; sourceTree = BUILT_PRODUCTS_DIR; };
		965040FC276AA39C00A657DA /* LandmarksUITests.swift */ = {isa = PBXFileReference; lastKnownFileType = sourcecode.swift; path = LandmarksUITests.swift; sourceTree = "<group>"; };
		965040FE276AA39C00A657DA /* LandmarksUITestsLaunchTests.swift */ = {isa = PBXFileReference; lastKnownFileType = sourcecode.swift; path = LandmarksUITestsLaunchTests.swift; sourceTree = "<group>"; };
		965FD1952864920900F38CFF /* CircleImage.swift */ = {isa = PBXFileReference; lastKnownFileType = sourcecode.swift; path = CircleImage.swift; sourceTree = "<group>"; };
		965FD1972864936A00F38CFF /* MapView.swift */ = {isa = PBXFileReference; lastKnownFileType = sourcecode.swift; path = MapView.swift; sourceTree = "<group>"; };
		965FD19928649F4F00F38CFF /* landmarkData.json */ = {isa = PBXFileReference; fileEncoding = 4; lastKnownFileType = text.json; path = landmarkData.json; sourceTree = "<group>"; };
		965FD19C28649F9E00F38CFF /* Landmark.swift */ = {isa = PBXFileReference; lastKnownFileType = sourcecode.swift; path = Landmark.swift; sourceTree = "<group>"; };
		965FD19E2864A9ED00F38CFF /* ModelData.swift */ = {isa = PBXFileReference; lastKnownFileType = sourcecode.swift; path = ModelData.swift; sourceTree = "<group>"; };
		965FD1A32864AD5F00F38CFF /* LandmarkRow.swift */ = {isa = PBXFileReference; lastKnownFileType = sourcecode.swift; path = LandmarkRow.swift; sourceTree = "<group>"; };
		965FD1A52864B27200F38CFF /* LandmarkList.swift */ = {isa = PBXFileReference; lastKnownFileType = sourcecode.swift; path = LandmarkList.swift; sourceTree = "<group>"; };
		965FD1A72864B4CA00F38CFF /* LandmarkDetail.swift */ = {isa = PBXFileReference; lastKnownFileType = sourcecode.swift; path = LandmarkDetail.swift; sourceTree = "<group>"; };
		965FD1A92864E45100F38CFF /* FavoriteButton.swift */ = {isa = PBXFileReference; lastKnownFileType = sourcecode.swift; path = FavoriteButton.swift; sourceTree = "<group>"; };
		965FD1AD2864E85600F38CFF /* HexagonParameters.swift */ = {isa = PBXFileReference; lastKnownFileType = sourcecode.swift; path = HexagonParameters.swift; sourceTree = "<group>"; };
		965FD1AF2864E93B00F38CFF /* BadgeBackground.swift */ = {isa = PBXFileReference; lastKnownFileType = sourcecode.swift; path = BadgeBackground.swift; sourceTree = "<group>"; };
		965FD1B12864EC6000F38CFF /* BadgeSymbol.swift */ = {isa = PBXFileReference; lastKnownFileType = sourcecode.swift; path = BadgeSymbol.swift; sourceTree = "<group>"; };
		965FD1B32864ED7E00F38CFF /* RotatedBadgeSymbol.swift */ = {isa = PBXFileReference; lastKnownFileType = sourcecode.swift; path = RotatedBadgeSymbol.swift; sourceTree = "<group>"; };
		965FD1B52864EDBB00F38CFF /* Badge.swift */ = {isa = PBXFileReference; lastKnownFileType = sourcecode.swift; path = Badge.swift; sourceTree = "<group>"; };
		965FD1B82864F14600F38CFF /* hikeData.json */ = {isa = PBXFileReference; fileEncoding = 4; lastKnownFileType = text.json; path = hikeData.json; sourceTree = "<group>"; };
		965FD1BA2864F17200F38CFF /* Hike.swift */ = {isa = PBXFileReference; lastKnownFileType = sourcecode.swift; path = Hike.swift; sourceTree = "<group>"; };
		965FD1BD2864F37100F38CFF /* GraphCapsule.swift */ = {isa = PBXFileReference; fileEncoding = 4; lastKnownFileType = sourcecode.swift; path = GraphCapsule.swift; sourceTree = "<group>"; };
		965FD1BE2864F37100F38CFF /* HikeGraph.swift */ = {isa = PBXFileReference; fileEncoding = 4; lastKnownFileType = sourcecode.swift; path = HikeGraph.swift; sourceTree = "<group>"; };
		965FD1BF2864F37100F38CFF /* HikeDetail.swift */ = {isa = PBXFileReference; fileEncoding = 4; lastKnownFileType = sourcecode.swift; path = HikeDetail.swift; sourceTree = "<group>"; };
		965FD1C02864F37100F38CFF /* HikeView.swift */ = {isa = PBXFileReference; fileEncoding = 4; lastKnownFileType = sourcecode.swift; path = HikeView.swift; sourceTree = "<group>"; };
		965FD1C62864FCB200F38CFF /* CategoryHome.swift */ = {isa = PBXFileReference; lastKnownFileType = sourcecode.swift; path = CategoryHome.swift; sourceTree = "<group>"; };
		965FD1C82864FF1000F38CFF /* CategoryRow.swift */ = {isa = PBXFileReference; lastKnownFileType = sourcecode.swift; path = CategoryRow.swift; sourceTree = "<group>"; };
		965FD1CA2865100000F38CFF /* CategoryItem.swift */ = {isa = PBXFileReference; lastKnownFileType = sourcecode.swift; path = CategoryItem.swift; sourceTree = "<group>"; };
		965FD1CC2865D99300F38CFF /* Profile.swift */ = {isa = PBXFileReference; lastKnownFileType = sourcecode.swift; path = Profile.swift; sourceTree = "<group>"; };
		965FD1CF2865DB3800F38CFF /* ProfileHost.swift */ = {isa = PBXFileReference; lastKnownFileType = sourcecode.swift; path = ProfileHost.swift; sourceTree = "<group>"; };
		965FD1D12865DBED00F38CFF /* ProfileSummary.swift */ = {isa = PBXFileReference; lastKnownFileType = sourcecode.swift; path = ProfileSummary.swift; sourceTree = "<group>"; };
		965FD1D32865DD8F00F38CFF /* HikeBadge.swift */ = {isa = PBXFileReference; lastKnownFileType = sourcecode.swift; path = HikeBadge.swift; sourceTree = "<group>"; };
		965FD1D52865E1C500F38CFF /* ProfileEditor.swift */ = {isa = PBXFileReference; lastKnownFileType = sourcecode.swift; path = ProfileEditor.swift; sourceTree = "<group>"; };
/* End PBXFileReference section */

/* Begin PBXFrameworksBuildPhase section */
		965040DB276AA39B00A657DA /* Frameworks */ = {
			isa = PBXFrameworksBuildPhase;
			buildActionMask = 2147483647;
			files = (
			);
			runOnlyForDeploymentPostprocessing = 0;
		};
		965040EB276AA39C00A657DA /* Frameworks */ = {
			isa = PBXFrameworksBuildPhase;
			buildActionMask = 2147483647;
			files = (
			);
			runOnlyForDeploymentPostprocessing = 0;
		};
		965040F5276AA39C00A657DA /* Frameworks */ = {
			isa = PBXFrameworksBuildPhase;
			buildActionMask = 2147483647;
			files = (
			);
			runOnlyForDeploymentPostprocessing = 0;
		};
/* End PBXFrameworksBuildPhase section */

/* Begin PBXGroup section */
		965040D5276AA39B00A657DA = {
			isa = PBXGroup;
			children = (
				965040E0276AA39B00A657DA /* Landmarks */,
				965040F1276AA39C00A657DA /* LandmarksTests */,
				965040FB276AA39C00A657DA /* LandmarksUITests */,
				965040DF276AA39B00A657DA /* Products */,
			);
			sourceTree = "<group>";
		};
		965040DF276AA39B00A657DA /* Products */ = {
			isa = PBXGroup;
			children = (
				965040DE276AA39B00A657DA /* Landmarks.app */,
				965040EE276AA39C00A657DA /* LandmarksTests.xctest */,
				965040F8276AA39C00A657DA /* LandmarksUITests.xctest */,
			);
			name = Products;
			sourceTree = "<group>";
		};
		965040E0276AA39B00A657DA /* Landmarks */ = {
			isa = PBXGroup;
			children = (
				965040E1276AA39B00A657DA /* LandmarksApp.swift */,
				965FD1A12864ABBE00F38CFF /* View */,
				965FD19B28649F8E00F38CFF /* Model */,
				965FD1A22864ABCF00F38CFF /* Resources */,
				965040E5276AA39C00A657DA /* Assets.xcassets */,
				965040E7276AA39C00A657DA /* Preview Content */,
			);
			path = Landmarks;
			sourceTree = "<group>";
		};
		965040E7276AA39C00A657DA /* Preview Content */ = {
			isa = PBXGroup;
			children = (
				965040E8276AA39C00A657DA /* Preview Assets.xcassets */,
			);
			path = "Preview Content";
			sourceTree = "<group>";
		};
		965040F1276AA39C00A657DA /* LandmarksTests */ = {
			isa = PBXGroup;
			children = (
				965040F2276AA39C00A657DA /* LandmarksTests.swift */,
			);
			path = LandmarksTests;
			sourceTree = "<group>";
		};
		965040FB276AA39C00A657DA /* LandmarksUITests */ = {
			isa = PBXGroup;
			children = (
				965040FC276AA39C00A657DA /* LandmarksUITests.swift */,
				965040FE276AA39C00A657DA /* LandmarksUITestsLaunchTests.swift */,
			);
			path = LandmarksUITests;
			sourceTree = "<group>";
		};
		965FD19B28649F8E00F38CFF /* Model */ = {
			isa = PBXGroup;
			children = (
				965FD19C28649F9E00F38CFF /* Landmark.swift */,
				965FD19E2864A9ED00F38CFF /* ModelData.swift */,
				965FD1BA2864F17200F38CFF /* Hike.swift */,
				965FD1CC2865D99300F38CFF /* Profile.swift */,
			);
			path = Model;
			sourceTree = "<group>";
		};
		965FD1A12864ABBE00F38CFF /* View */ = {
			isa = PBXGroup;
			children = (
				965040E3276AA39B00A657DA /* ContentView.swift */,
				965FD1B72864EE4000F38CFF /* Badges */,
				965FD1C52864FC1000F38CFF /* Categories */,
				965FD1BC2864F37100F38CFF /* Hikes */,
				965FD1AC2864E51C00F38CFF /* Landmarks */,
				965FD1AB2864E51100F38CFF /* Helpers */,
				965FD1CE2865DB1800F38CFF /* Profiles */,
			);
			path = View;
			sourceTree = "<group>";
		};
		965FD1A22864ABCF00F38CFF /* Resources */ = {
			isa = PBXGroup;
			children = (
				965FD1B82864F14600F38CFF /* hikeData.json */,
				965FD19928649F4F00F38CFF /* landmarkData.json */,
			);
			path = Resources;
			sourceTree = "<group>";
		};
		965FD1AB2864E51100F38CFF /* Helpers */ = {
			isa = PBXGroup;
			children = (
				965FD1952864920900F38CFF /* CircleImage.swift */,
				965FD1972864936A00F38CFF /* MapView.swift */,
				965FD1A92864E45100F38CFF /* FavoriteButton.swift */,
			);
			path = Helpers;
			sourceTree = "<group>";
		};
		965FD1AC2864E51C00F38CFF /* Landmarks */ = {
			isa = PBXGroup;
			children = (
				965FD1A72864B4CA00F38CFF /* LandmarkDetail.swift */,
				965FD1A52864B27200F38CFF /* LandmarkList.swift */,
				965FD1A32864AD5F00F38CFF /* LandmarkRow.swift */,
			);
			path = Landmarks;
			sourceTree = "<group>";
		};
		965FD1B72864EE4000F38CFF /* Badges */ = {
			isa = PBXGroup;
			children = (
				965FD1B52864EDBB00F38CFF /* Badge.swift */,
				965FD1AF2864E93B00F38CFF /* BadgeBackground.swift */,
				965FD1B12864EC6000F38CFF /* BadgeSymbol.swift */,
				965FD1AD2864E85600F38CFF /* HexagonParameters.swift */,
				965FD1B32864ED7E00F38CFF /* RotatedBadgeSymbol.swift */,
			);
			path = Badges;
			sourceTree = "<group>";
		};
		965FD1BC2864F37100F38CFF /* Hikes */ = {
			isa = PBXGroup;
			children = (
				965FD1BD2864F37100F38CFF /* GraphCapsule.swift */,
				965FD1BE2864F37100F38CFF /* HikeGraph.swift */,
				965FD1BF2864F37100F38CFF /* HikeDetail.swift */,
				965FD1C02864F37100F38CFF /* HikeView.swift */,
				965FD1D32865DD8F00F38CFF /* HikeBadge.swift */,
			);
			path = Hikes;
			sourceTree = "<group>";
		};
		965FD1C52864FC1000F38CFF /* Categories */ = {
			isa = PBXGroup;
			children = (
				965FD1C62864FCB200F38CFF /* CategoryHome.swift */,
				965FD1C82864FF1000F38CFF /* CategoryRow.swift */,
				965FD1CA2865100000F38CFF /* CategoryItem.swift */,
			);
			path = Categories;
			sourceTree = "<group>";
		};
		965FD1CE2865DB1800F38CFF /* Profiles */ = {
			isa = PBXGroup;
			children = (
				965FD1CF2865DB3800F38CFF /* ProfileHost.swift */,
				965FD1D12865DBED00F38CFF /* ProfileSummary.swift */,
				965FD1D52865E1C500F38CFF /* ProfileEditor.swift */,
			);
			path = Profiles;
			sourceTree = "<group>";
		};
/* End PBXGroup section */

/* Begin PBXNativeTarget section */
		965040DD276AA39B00A657DA /* Landmarks */ = {
			isa = PBXNativeTarget;
			buildConfigurationList = 96504102276AA39C00A657DA /* Build configuration list for PBXNativeTarget "Landmarks" */;
			buildPhases = (
				965040DA276AA39B00A657DA /* Sources */,
				965040DB276AA39B00A657DA /* Frameworks */,
				965040DC276AA39B00A657DA /* Resources */,
			);
			buildRules = (
			);
			dependencies = (
			);
			name = Landmarks;
			productName = Landmarks;
			productReference = 965040DE276AA39B00A657DA /* Landmarks.app */;
			productType = "com.apple.product-type.application";
		};
		965040ED276AA39C00A657DA /* LandmarksTests */ = {
			isa = PBXNativeTarget;
			buildConfigurationList = 96504105276AA39C00A657DA /* Build configuration list for PBXNativeTarget "LandmarksTests" */;
			buildPhases = (
				965040EA276AA39C00A657DA /* Sources */,
				965040EB276AA39C00A657DA /* Frameworks */,
				965040EC276AA39C00A657DA /* Resources */,
			);
			buildRules = (
			);
			dependencies = (
				965040F0276AA39C00A657DA /* PBXTargetDependency */,
			);
			name = LandmarksTests;
			productName = LandmarksTests;
			productReference = 965040EE276AA39C00A657DA /* LandmarksTests.xctest */;
			productType = "com.apple.product-type.bundle.unit-test";
		};
		965040F7276AA39C00A657DA /* LandmarksUITests */ = {
			isa = PBXNativeTarget;
			buildConfigurationList = 96504108276AA39C00A657DA /* Build configuration list for PBXNativeTarget "LandmarksUITests" */;
			buildPhases = (
				965040F4276AA39C00A657DA /* Sources */,
				965040F5276AA39C00A657DA /* Frameworks */,
				965040F6276AA39C00A657DA /* Resources */,
			);
			buildRules = (
			);
			dependencies = (
				965040FA276AA39C00A657DA /* PBXTargetDependency */,
			);
			name = LandmarksUITests;
			productName = LandmarksUITests;
			productReference = 965040F8276AA39C00A657DA /* LandmarksUITests.xctest */;
			productType = "com.apple.product-type.bundle.ui-testing";
		};
/* End PBXNativeTarget section */

/* Begin PBXProject section */
		965040D6276AA39B00A657DA /* Project object */ = {
			isa = PBXProject;
			attributes = {
				BuildIndependentTargetsInParallel = 1;
				LastSwiftUpdateCheck = 1320;
				LastUpgradeCheck = 1320;
				TargetAttributes = {
					965040DD276AA39B00A657DA = {
						CreatedOnToolsVersion = 13.2;
					};
					965040ED276AA39C00A657DA = {
						CreatedOnToolsVersion = 13.2;
						TestTargetID = 965040DD276AA39B00A657DA;
					};
					965040F7276AA39C00A657DA = {
						CreatedOnToolsVersion = 13.2;
						TestTargetID = 965040DD276AA39B00A657DA;
					};
				};
			};
			buildConfigurationList = 965040D9276AA39B00A657DA /* Build configuration list for PBXProject "Landmarks" */;
			compatibilityVersion = "Xcode 13.0";
			developmentRegion = en;
			hasScannedForEncodings = 0;
			knownRegions = (
				en,
				Base,
			);
			mainGroup = 965040D5276AA39B00A657DA;
			productRefGroup = 965040DF276AA39B00A657DA /* Products */;
			projectDirPath = "";
			projectRoot = "";
			targets = (
				965040DD276AA39B00A657DA /* Landmarks */,
				965040ED276AA39C00A657DA /* LandmarksTests */,
				965040F7276AA39C00A657DA /* LandmarksUITests */,
			);
		};
/* End PBXProject section */

/* Begin PBXResourcesBuildPhase section */
		965040DC276AA39B00A657DA /* Resources */ = {
			isa = PBXResourcesBuildPhase;
			buildActionMask = 2147483647;
			files = (
				965FD1B92864F14600F38CFF /* hikeData.json in Resources */,
				965040E9276AA39C00A657DA /* Preview Assets.xcassets in Resources */,
				965040E6276AA39C00A657DA /* Assets.xcassets in Resources */,
				965FD19A28649F4F00F38CFF /* landmarkData.json in Resources */,
			);
			runOnlyForDeploymentPostprocessing = 0;
		};
		965040EC276AA39C00A657DA /* Resources */ = {
			isa = PBXResourcesBuildPhase;
			buildActionMask = 2147483647;
			files = (
			);
			runOnlyForDeploymentPostprocessing = 0;
		};
		965040F6276AA39C00A657DA /* Resources */ = {
			isa = PBXResourcesBuildPhase;
			buildActionMask = 2147483647;
			files = (
			);
			runOnlyForDeploymentPostprocessing = 0;
		};
/* End PBXResourcesBuildPhase section */

/* Begin PBXSourcesBuildPhase section */
		965040DA276AA39B00A657DA /* Sources */ = {
			isa = PBXSourcesBuildPhase;
			buildActionMask = 2147483647;
			files = (
				965FD1C92864FF1000F38CFF /* CategoryRow.swift in Sources */,
				965FD1CD2865D99300F38CFF /* Profile.swift in Sources */,
				965FD1962864920900F38CFF /* CircleImage.swift in Sources */,
				965FD1C72864FCB200F38CFF /* CategoryHome.swift in Sources */,
				965FD1C22864F37100F38CFF /* HikeGraph.swift in Sources */,
				965FD1B62864EDBB00F38CFF /* Badge.swift in Sources */,
				965FD1982864936A00F38CFF /* MapView.swift in Sources */,
				965FD1C12864F37100F38CFF /* GraphCapsule.swift in Sources */,
				965040E4276AA39B00A657DA /* ContentView.swift in Sources */,
				965FD1AA2864E45100F38CFF /* FavoriteButton.swift in Sources */,
				965FD1CB2865100000F38CFF /* CategoryItem.swift in Sources */,
				965FD1C32864F37100F38CFF /* HikeDetail.swift in Sources */,
				965FD1D22865DBED00F38CFF /* ProfileSummary.swift in Sources */,
				965FD1AE2864E85600F38CFF /* HexagonParameters.swift in Sources */,
				965FD1D02865DB3800F38CFF /* ProfileHost.swift in Sources */,
				965FD1BB2864F17200F38CFF /* Hike.swift in Sources */,
				965FD1B42864ED7E00F38CFF /* RotatedBadgeSymbol.swift in Sources */,
				965FD1B22864EC6000F38CFF /* BadgeSymbol.swift in Sources */,
				965FD1D62865E1C500F38CFF /* ProfileEditor.swift in Sources */,
				965FD1A62864B27200F38CFF /* LandmarkList.swift in Sources */,
				965FD1C42864F37100F38CFF /* HikeView.swift in Sources */,
				965FD1A82864B4CA00F38CFF /* LandmarkDetail.swift in Sources */,
				965FD1B02864E93B00F38CFF /* BadgeBackground.swift in Sources */,
				965FD1D42865DD8F00F38CFF /* HikeBadge.swift in Sources */,
				965040E2276AA39B00A657DA /* LandmarksApp.swift in Sources */,
				965FD19D28649F9E00F38CFF /* Landmark.swift in Sources */,
				965FD1A42864AD5F00F38CFF /* LandmarkRow.swift in Sources */,
				965FD19F2864A9ED00F38CFF /* ModelData.swift in Sources */,
			);
			runOnlyForDeploymentPostprocessing = 0;
		};
		965040EA276AA39C00A657DA /* Sources */ = {
			isa = PBXSourcesBuildPhase;
			buildActionMask = 2147483647;
			files = (
				965040F3276AA39C00A657DA /* LandmarksTests.swift in Sources */,
			);
			runOnlyForDeploymentPostprocessing = 0;
		};
		965040F4276AA39C00A657DA /* Sources */ = {
			isa = PBXSourcesBuildPhase;
			buildActionMask = 2147483647;
			files = (
				965040FF276AA39C00A657DA /* LandmarksUITestsLaunchTests.swift in Sources */,
				965040FD276AA39C00A657DA /* LandmarksUITests.swift in Sources */,
			);
			runOnlyForDeploymentPostprocessing = 0;
		};
/* End PBXSourcesBuildPhase section */

/* Begin PBXTargetDependency section */
		965040F0276AA39C00A657DA /* PBXTargetDependency */ = {
			isa = PBXTargetDependency;
			target = 965040DD276AA39B00A657DA /* Landmarks */;
			targetProxy = 965040EF276AA39C00A657DA /* PBXContainerItemProxy */;
		};
		965040FA276AA39C00A657DA /* PBXTargetDependency */ = {
			isa = PBXTargetDependency;
			target = 965040DD276AA39B00A657DA /* Landmarks */;
			targetProxy = 965040F9276AA39C00A657DA /* PBXContainerItemProxy */;
		};
/* End PBXTargetDependency section */

/* Begin XCBuildConfiguration section */
		96504100276AA39C00A657DA /* Debug */ = {
			isa = XCBuildConfiguration;
			buildSettings = {
				ALWAYS_SEARCH_USER_PATHS = NO;
				CLANG_ANALYZER_NONNULL = YES;
				CLANG_ANALYZER_NUMBER_OBJECT_CONVERSION = YES_AGGRESSIVE;
				CLANG_CXX_LANGUAGE_STANDARD = "gnu++17";
				CLANG_CXX_LIBRARY = "libc++";
				CLANG_ENABLE_MODULES = YES;
				CLANG_ENABLE_OBJC_ARC = YES;
				CLANG_ENABLE_OBJC_WEAK = YES;
				CLANG_WARN_BLOCK_CAPTURE_AUTORELEASING = YES;
				CLANG_WARN_BOOL_CONVERSION = YES;
				CLANG_WARN_COMMA = YES;
				CLANG_WARN_CONSTANT_CONVERSION = YES;
				CLANG_WARN_DEPRECATED_OBJC_IMPLEMENTATIONS = YES;
				CLANG_WARN_DIRECT_OBJC_ISA_USAGE = YES_ERROR;
				CLANG_WARN_DOCUMENTATION_COMMENTS = YES;
				CLANG_WARN_EMPTY_BODY = YES;
				CLANG_WARN_ENUM_CONVERSION = YES;
				CLANG_WARN_INFINITE_RECURSION = YES;
				CLANG_WARN_INT_CONVERSION = YES;
				CLANG_WARN_NON_LITERAL_NULL_CONVERSION = YES;
				CLANG_WARN_OBJC_IMPLICIT_RETAIN_SELF = YES;
				CLANG_WARN_OBJC_LITERAL_CONVERSION = YES;
				CLANG_WARN_OBJC_ROOT_CLASS = YES_ERROR;
				CLANG_WARN_QUOTED_INCLUDE_IN_FRAMEWORK_HEADER = YES;
				CLANG_WARN_RANGE_LOOP_ANALYSIS = YES;
				CLANG_WARN_STRICT_PROTOTYPES = YES;
				CLANG_WARN_SUSPICIOUS_MOVE = YES;
				CLANG_WARN_UNGUARDED_AVAILABILITY = YES_AGGRESSIVE;
				CLANG_WARN_UNREACHABLE_CODE = YES;
				CLANG_WARN__DUPLICATE_METHOD_MATCH = YES;
				COPY_PHASE_STRIP = NO;
				DEBUG_INFORMATION_FORMAT = dwarf;
				ENABLE_STRICT_OBJC_MSGSEND = YES;
				ENABLE_TESTABILITY = YES;
				GCC_C_LANGUAGE_STANDARD = gnu11;
				GCC_DYNAMIC_NO_PIC = NO;
				GCC_NO_COMMON_BLOCKS = YES;
				GCC_OPTIMIZATION_LEVEL = 0;
				GCC_PREPROCESSOR_DEFINITIONS = (
					"DEBUG=1",
					"$(inherited)",
				);
				GCC_WARN_64_TO_32_BIT_CONVERSION = YES;
				GCC_WARN_ABOUT_RETURN_TYPE = YES_ERROR;
				GCC_WARN_UNDECLARED_SELECTOR = YES;
				GCC_WARN_UNINITIALIZED_AUTOS = YES_AGGRESSIVE;
				GCC_WARN_UNUSED_FUNCTION = YES;
				GCC_WARN_UNUSED_VARIABLE = YES;
				IPHONEOS_DEPLOYMENT_TARGET = 15.2;
				MTL_ENABLE_DEBUG_INFO = INCLUDE_SOURCE;
				MTL_FAST_MATH = YES;
				ONLY_ACTIVE_ARCH = YES;
				SDKROOT = iphoneos;
				SWIFT_ACTIVE_COMPILATION_CONDITIONS = DEBUG;
				SWIFT_OPTIMIZATION_LEVEL = "-Onone";
			};
			name = Debug;
		};
		96504101276AA39C00A657DA /* Release */ = {
			isa = XCBuildConfiguration;
			buildSettings = {
				ALWAYS_SEARCH_USER_PATHS = NO;
				CLANG_ANALYZER_NONNULL = YES;
				CLANG_ANALYZER_NUMBER_OBJECT_CONVERSION = YES_AGGRESSIVE;
				CLANG_CXX_LANGUAGE_STANDARD = "gnu++17";
				CLANG_CXX_LIBRARY = "libc++";
				CLANG_ENABLE_MODULES = YES;
				CLANG_ENABLE_OBJC_ARC = YES;
				CLANG_ENABLE_OBJC_WEAK = YES;
				CLANG_WARN_BLOCK_CAPTURE_AUTORELEASING = YES;
				CLANG_WARN_BOOL_CONVERSION = YES;
				CLANG_WARN_COMMA = YES;
				CLANG_WARN_CONSTANT_CONVERSION = YES;
				CLANG_WARN_DEPRECATED_OBJC_IMPLEMENTATIONS = YES;
				CLANG_WARN_DIRECT_OBJC_ISA_USAGE = YES_ERROR;
				CLANG_WARN_DOCUMENTATION_COMMENTS = YES;
				CLANG_WARN_EMPTY_BODY = YES;
				CLANG_WARN_ENUM_CONVERSION = YES;
				CLANG_WARN_INFINITE_RECURSION = YES;
				CLANG_WARN_INT_CONVERSION = YES;
				CLANG_WARN_NON_LITERAL_NULL_CONVERSION = YES;
				CLANG_WARN_OBJC_IMPLICIT_RETAIN_SELF = YES;
				CLANG_WARN_OBJC_LITERAL_CONVERSION = YES;
				CLANG_WARN_OBJC_ROOT_CLASS = YES_ERROR;
				CLANG_WARN_QUOTED_INCLUDE_IN_FRAMEWORK_HEADER = YES;
				CLANG_WARN_RANGE_LOOP_ANALYSIS = YES;
				CLANG_WARN_STRICT_PROTOTYPES = YES;
				CLANG_WARN_SUSPICIOUS_MOVE = YES;
				CLANG_WARN_UNGUARDED_AVAILABILITY = YES_AGGRESSIVE;
				CLANG_WARN_UNREACHABLE_CODE = YES;
				CLANG_WARN__DUPLICATE_METHOD_MATCH = YES;
				COPY_PHASE_STRIP = NO;
				DEBUG_INFORMATION_FORMAT = "dwarf-with-dsym";
				ENABLE_NS_ASSERTIONS = NO;
				ENABLE_STRICT_OBJC_MSGSEND = YES;
				GCC_C_LANGUAGE_STANDARD = gnu11;
				GCC_NO_COMMON_BLOCKS = YES;
				GCC_WARN_64_TO_32_BIT_CONVERSION = YES;
				GCC_WARN_ABOUT_RETURN_TYPE = YES_ERROR;
				GCC_WARN_UNDECLARED_SELECTOR = YES;
				GCC_WARN_UNINITIALIZED_AUTOS = YES_AGGRESSIVE;
				GCC_WARN_UNUSED_FUNCTION = YES;
				GCC_WARN_UNUSED_VARIABLE = YES;
				IPHONEOS_DEPLOYMENT_TARGET = 15.2;
				MTL_ENABLE_DEBUG_INFO = NO;
				MTL_FAST_MATH = YES;
				SDKROOT = iphoneos;
				SWIFT_COMPILATION_MODE = wholemodule;
				SWIFT_OPTIMIZATION_LEVEL = "-O";
				VALIDATE_PRODUCT = YES;
			};
			name = Release;
		};
		96504103276AA39C00A657DA /* Debug */ = {
			isa = XCBuildConfiguration;
			buildSettings = {
				ASSETCATALOG_COMPILER_APPICON_NAME = AppIcon;
				ASSETCATALOG_COMPILER_GLOBAL_ACCENT_COLOR_NAME = AccentColor;
				CODE_SIGN_STYLE = Automatic;
				CURRENT_PROJECT_VERSION = 1;
				DEVELOPMENT_ASSET_PATHS = "\"Landmarks/Preview Content\"";
				ENABLE_PREVIEWS = YES;
				GENERATE_INFOPLIST_FILE = YES;
				INFOPLIST_KEY_UIApplicationSceneManifest_Generation = YES;
				INFOPLIST_KEY_UIApplicationSupportsIndirectInputEvents = YES;
				INFOPLIST_KEY_UILaunchScreen_Generation = YES;
				INFOPLIST_KEY_UISupportedInterfaceOrientations_iPad = "UIInterfaceOrientationPortrait UIInterfaceOrientationPortraitUpsideDown UIInterfaceOrientationLandscapeLeft UIInterfaceOrientationLandscapeRight";
				INFOPLIST_KEY_UISupportedInterfaceOrientations_iPhone = "UIInterfaceOrientationPortrait UIInterfaceOrientationLandscapeLeft UIInterfaceOrientationLandscapeRight";
				LD_RUNPATH_SEARCH_PATHS = (
					"$(inherited)",
					"@executable_path/Frameworks",
				);
				MARKETING_VERSION = 1.0;
				PRODUCT_BUNDLE_IDENTIFIER = dev.rianoliveira.Landmarks;
				PRODUCT_NAME = "$(TARGET_NAME)";
				SWIFT_EMIT_LOC_STRINGS = YES;
				SWIFT_VERSION = 5.0;
				TARGETED_DEVICE_FAMILY = "1,2";
			};
			name = Debug;
		};
		96504104276AA39C00A657DA /* Release */ = {
			isa = XCBuildConfiguration;
			buildSettings = {
				ASSETCATALOG_COMPILER_APPICON_NAME = AppIcon;
				ASSETCATALOG_COMPILER_GLOBAL_ACCENT_COLOR_NAME = AccentColor;
				CODE_SIGN_STYLE = Automatic;
				CURRENT_PROJECT_VERSION = 1;
				DEVELOPMENT_ASSET_PATHS = "\"Landmarks/Preview Content\"";
				ENABLE_PREVIEWS = YES;
				GENERATE_INFOPLIST_FILE = YES;
				INFOPLIST_KEY_UIApplicationSceneManifest_Generation = YES;
				INFOPLIST_KEY_UIApplicationSupportsIndirectInputEvents = YES;
				INFOPLIST_KEY_UILaunchScreen_Generation = YES;
				INFOPLIST_KEY_UISupportedInterfaceOrientations_iPad = "UIInterfaceOrientationPortrait UIInterfaceOrientationPortraitUpsideDown UIInterfaceOrientationLandscapeLeft UIInterfaceOrientationLandscapeRight";
				INFOPLIST_KEY_UISupportedInterfaceOrientations_iPhone = "UIInterfaceOrientationPortrait UIInterfaceOrientationLandscapeLeft UIInterfaceOrientationLandscapeRight";
				LD_RUNPATH_SEARCH_PATHS = (
					"$(inherited)",
					"@executable_path/Frameworks",
				);
				MARKETING_VERSION = 1.0;
				PRODUCT_BUNDLE_IDENTIFIER = dev.rianoliveira.Landmarks;
				PRODUCT_NAME = "$(TARGET_NAME)";
				SWIFT_EMIT_LOC_STRINGS = YES;
				SWIFT_VERSION = 5.0;
				TARGETED_DEVICE_FAMILY = "1,2";
			};
			name = Release;
		};
		96504106276AA39C00A657DA /* Debug */ = {
			isa = XCBuildConfiguration;
			buildSettings = {
				ALWAYS_EMBED_SWIFT_STANDARD_LIBRARIES = YES;
				BUNDLE_LOADER = "$(TEST_HOST)";
				CODE_SIGN_STYLE = Automatic;
				CURRENT_PROJECT_VERSION = 1;
				GENERATE_INFOPLIST_FILE = YES;
				IPHONEOS_DEPLOYMENT_TARGET = 15.2;
				MARKETING_VERSION = 1.0;
				PRODUCT_BUNDLE_IDENTIFIER = com.asimov.LandmarksTests;
				PRODUCT_NAME = "$(TARGET_NAME)";
				SWIFT_EMIT_LOC_STRINGS = NO;
				SWIFT_VERSION = 5.0;
				TARGETED_DEVICE_FAMILY = "1,2";
				TEST_HOST = "$(BUILT_PRODUCTS_DIR)/Landmarks.app/Landmarks";
			};
			name = Debug;
		};
		96504107276AA39C00A657DA /* Release */ = {
			isa = XCBuildConfiguration;
			buildSettings = {
				ALWAYS_EMBED_SWIFT_STANDARD_LIBRARIES = YES;
				BUNDLE_LOADER = "$(TEST_HOST)";
				CODE_SIGN_STYLE = Automatic;
				CURRENT_PROJECT_VERSION = 1;
				GENERATE_INFOPLIST_FILE = YES;
				IPHONEOS_DEPLOYMENT_TARGET = 15.2;
				MARKETING_VERSION = 1.0;
				PRODUCT_BUNDLE_IDENTIFIER = com.asimov.LandmarksTests;
				PRODUCT_NAME = "$(TARGET_NAME)";
				SWIFT_EMIT_LOC_STRINGS = NO;
				SWIFT_VERSION = 5.0;
				TARGETED_DEVICE_FAMILY = "1,2";
				TEST_HOST = "$(BUILT_PRODUCTS_DIR)/Landmarks.app/Landmarks";
			};
			name = Release;
		};
		96504109276AA39C00A657DA /* Debug */ = {
			isa = XCBuildConfiguration;
			buildSettings = {
				ALWAYS_EMBED_SWIFT_STANDARD_LIBRARIES = YES;
				CODE_SIGN_STYLE = Automatic;
				CURRENT_PROJECT_VERSION = 1;
				GENERATE_INFOPLIST_FILE = YES;
				MARKETING_VERSION = 1.0;
				PRODUCT_BUNDLE_IDENTIFIER = com.asimov.LandmarksUITests;
				PRODUCT_NAME = "$(TARGET_NAME)";
				SWIFT_EMIT_LOC_STRINGS = NO;
				SWIFT_VERSION = 5.0;
				TARGETED_DEVICE_FAMILY = "1,2";
				TEST_TARGET_NAME = Landmarks;
			};
			name = Debug;
		};
		9650410A276AA39C00A657DA /* Release */ = {
			isa = XCBuildConfiguration;
			buildSettings = {
				ALWAYS_EMBED_SWIFT_STANDARD_LIBRARIES = YES;
				CODE_SIGN_STYLE = Automatic;
				CURRENT_PROJECT_VERSION = 1;
				GENERATE_INFOPLIST_FILE = YES;
				MARKETING_VERSION = 1.0;
				PRODUCT_BUNDLE_IDENTIFIER = com.asimov.LandmarksUITests;
				PRODUCT_NAME = "$(TARGET_NAME)";
				SWIFT_EMIT_LOC_STRINGS = NO;
				SWIFT_VERSION = 5.0;
				TARGETED_DEVICE_FAMILY = "1,2";
				TEST_TARGET_NAME = Landmarks;
			};
			name = Release;
		};
/* End XCBuildConfiguration section */

/* Begin XCConfigurationList section */
		965040D9276AA39B00A657DA /* Build configuration list for PBXProject "Landmarks" */ = {
			isa = XCConfigurationList;
			buildConfigurations = (
				96504100276AA39C00A657DA /* Debug */,
				96504101276AA39C00A657DA /* Release */,
			);
			defaultConfigurationIsVisible = 0;
			defaultConfigurationName = Release;
		};
		96504102276AA39C00A657DA /* Build configuration list for PBXNativeTarget "Landmarks" */ = {
			isa = XCConfigurationList;
			buildConfigurations = (
				96504103276AA39C00A657DA /* Debug */,
				96504104276AA39C00A657DA /* Release */,
			);
			defaultConfigurationIsVisible = 0;
			defaultConfigurationName = Release;
		};
		96504105276AA39C00A657DA /* Build configuration list for PBXNativeTarget "LandmarksTests" */ = {
			isa = XCConfigurationList;
			buildConfigurations = (
				96504106276AA39C00A657DA /* Debug */,
				96504107276AA39C00A657DA /* Release */,
			);
			defaultConfigurationIsVisible = 0;
			defaultConfigurationName = Release;
		};
		96504108276AA39C00A657DA /* Build configuration list for PBXNativeTarget "LandmarksUITests" */ = {
			isa = XCConfigurationList;
			buildConfigurations = (
				96504109276AA39C00A657DA /* Debug */,
				9650410A276AA39C00A657DA /* Release */,
			);
			defaultConfigurationIsVisible = 0;
			defaultConfigurationName = Release;
		};
/* End XCConfigurationList section */
	};
	rootObject = 965040D6276AA39B00A657DA /* Project object */;
}
